{
  "name": "object-designer",
  "version": "1.0.4",
  "lockfileVersion": 3,
  "requires": true,
  "packages": {
    "": {
      "name": "object-designer",
      "version": "1.0.4",
      "license": "ISC",
      "dependencies": {
        "object-designer": "github:alieldeba/object-designer#main"
      }
    },
    "node_modules/object-designer": {
      "version": "1.0.1",
      "resolved": "git+ssh://git@github.com/alieldeba/object-designer.git#3da92b5b2b8526205a8f992f3e902278c70add22",
      "license": "ISC"
    }
  }
}
